
Microsoft Visual Studio Solution File, Format Version 12.00
# Visual Studio 15
VisualStudioVersion = 15.0.26124.0
MinimumVisualStudioVersion = 15.0.26124.0
Project("{2150E333-8FDC-42A3-9474-1A3956D46DE8}") = "src", "src", "{362B69AC-DF43-4A58-B4B2-27D925D59098}"
EndProject
Project("{2150E333-8FDC-42A3-9474-1A3956D46DE8}") = "test", "test", "{A4315CAB-51C4-4998-9A24-1D88769355D2}"
EndProject
Project("{F2A71F9B-5D33-465A-A702-920D77279786}") = "Hyde.Core", "src\Hyde.Core\Hyde.Core.fsproj", "{528239D7-8CA1-42BF-894E-D41B84C88515}"
EndProject
Project("{6EC3EE1D-3C4E-46DD-8F32-0CC8E7565705}") = "Hyde.Core.Tests.Unit", "test\Hyde.Core.Tests.Unit\Hyde.Core.Tests.Unit.fsproj", "{B8E86DAF-2A2F-4E4A-B861-DA281B763634}"
EndProject
Project("{F2A71F9B-5D33-465A-A702-920D77279786}") = "Hyde.Core.Tests.Integration", "test\Hyde.Core.Tests.Integration\Hyde.Core.Tests.Integration.fsproj", "{E5E76105-45EF-456A-B6FF-75E251CD87A3}"
EndProject
Global
	GlobalSection(SolutionConfigurationPlatforms) = preSolution
		Debug|Any CPU = Debug|Any CPU
		Release|Any CPU = Release|Any CPU
	EndGlobalSection
	GlobalSection(ProjectConfigurationPlatforms) = postSolution
		{528239D7-8CA1-42BF-894E-D41B84C88515}.Debug|Any CPU.ActiveCfg = Debug|Any CPU
		{528239D7-8CA1-42BF-894E-D41B84C88515}.Debug|Any CPU.Build.0 = Debug|Any CPU
		{528239D7-8CA1-42BF-894E-D41B84C88515}.Release|Any CPU.ActiveCfg = Release|Any CPU
		{528239D7-8CA1-42BF-894E-D41B84C88515}.Release|Any CPU.Build.0 = Release|Any CPU
		{B8E86DAF-2A2F-4E4A-B861-DA281B763634}.Debug|Any CPU.ActiveCfg = Debug|Any CPU
		{B8E86DAF-2A2F-4E4A-B861-DA281B763634}.Debug|Any CPU.Build.0 = Debug|Any CPU
		{B8E86DAF-2A2F-4E4A-B861-DA281B763634}.Release|Any CPU.ActiveCfg = Release|Any CPU
		{B8E86DAF-2A2F-4E4A-B861-DA281B763634}.Release|Any CPU.Build.0 = Release|Any CPU
		{E5E76105-45EF-456A-B6FF-75E251CD87A3}.Debug|Any CPU.ActiveCfg = Debug|Any CPU
		{E5E76105-45EF-456A-B6FF-75E251CD87A3}.Debug|Any CPU.Build.0 = Debug|Any CPU
		{E5E76105-45EF-456A-B6FF-75E251CD87A3}.Release|Any CPU.ActiveCfg = Release|Any CPU
		{E5E76105-45EF-456A-B6FF-75E251CD87A3}.Release|Any CPU.Build.0 = Release|Any CPU
	EndGlobalSection
	GlobalSection(SolutionProperties) = preSolution
		HideSolutionNode = FALSE
	EndGlobalSection
	GlobalSection(NestedProjects) = preSolution
		{528239D7-8CA1-42BF-894E-D41B84C88515} = {362B69AC-DF43-4A58-B4B2-27D925D59098}
		{B8E86DAF-2A2F-4E4A-B861-DA281B763634} = {A4315CAB-51C4-4998-9A24-1D88769355D2}
		{E5E76105-45EF-456A-B6FF-75E251CD87A3} = {A4315CAB-51C4-4998-9A24-1D88769355D2}
	EndGlobalSection
	GlobalSection(ExtensibilityGlobals) = postSolution
		SolutionGuid = {36529EAE-4C51-476B-8413-37553006B03F}
	EndGlobalSection
EndGlobal
